{
  "name": "ky4ds.github.io",
  "version": "1.0.0",
  "lockfileVersion": 1,
  "requires": true,
  "dependencies": {
    "mathjax": {
      "version": "3.1.4",
      "resolved": "https://registry.npmjs.org/mathjax/-/mathjax-3.1.4.tgz",
      "integrity": "sha512-Okmc+F3l7vRWNMALbH0HMMoTJWVn1cbeDbybHppCeophIGdFS+xxD/OffYpZirUOHzesZostpzEwsLSst+4W8w=="
    }
  }
}
